// !$*UTF8*$!
{
	archiveVersion = 1;
	classes = {
	};
	objectVersion = 56;
	objects = {

/* Begin PBXBuildFile section */
		509FD52729BDF56500067B49 /* Images.xcassets in Resources */ = {isa = PBXBuildFile; fileRef = 509FD52629BDF56400067B49 /* Images.xcassets */; };
		50AEFB5929BD778800E24741 /* AppDelegate.m in Sources */ = {isa = PBXBuildFile; fileRef = 50AEFB5829BD778800E24741 /* AppDelegate.m */; };
		50AEFB5C29BD778800E24741 /* SceneDelegate.m in Sources */ = {isa = PBXBuildFile; fileRef = 50AEFB5B29BD778800E24741 /* SceneDelegate.m */; };
		50AEFB5F29BD778800E24741 /* ViewController.m in Sources */ = {isa = PBXBuildFile; fileRef = 50AEFB5E29BD778800E24741 /* ViewController.m */; };
		50AEFB6229BD778800E24741 /* Main.storyboard in Resources */ = {isa = PBXBuildFile; fileRef = 50AEFB6029BD778800E24741 /* Main.storyboard */; };
		50AEFB6429BD778B00E24741 /* Assets.xcassets in Resources */ = {isa = PBXBuildFile; fileRef = 50AEFB6329BD778B00E24741 /* Assets.xcassets */; };
		50AEFB6729BD778B00E24741 /* LaunchScreen.storyboard in Resources */ = {isa = PBXBuildFile; fileRef = 50AEFB6529BD778B00E24741 /* LaunchScreen.storyboard */; };
		50AEFB6A29BD778B00E24741 /* main.m in Sources */ = {isa = PBXBuildFile; fileRef = 50AEFB6929BD778B00E24741 /* main.m */; };
		50AEFB7129BD856B00E24741 /* MessageScript.js in Resources */ = {isa = PBXBuildFile; fileRef = 50AEFB7029BD856B00E24741 /* MessageScript.js */; };
/* End PBXBuildFile section */

/* Begin PBXFileReference section */
		509FD52629BDF56400067B49 /* Images.xcassets */ = {isa = PBXFileReference; lastKnownFileType = folder.assetcatalog; name = Images.xcassets; path = ../../../Downloads/icons/iOS/Images.xcassets; sourceTree = "<group>"; };
		50AEFB5429BD778800E24741 /* hj.cheat.app */ = {isa = PBXFileReference; explicitFileType = wrapper.application; includeInIndex = 0; path = hj.cheat.app; sourceTree = BUILT_PRODUCTS_DIR; };
		50AEFB5729BD778800E24741 /* AppDelegate.h */ = {isa = PBXFileReference; lastKnownFileType = sourcecode.c.h; path = AppDelegate.h; sourceTree = "<group>"; };
		50AEFB5829BD778800E24741 /* AppDelegate.m */ = {isa = PBXFileReference; lastKnownFileType = sourcecode.c.objc; path = AppDelegate.m; sourceTree = "<group>"; };
		50AEFB5A29BD778800E24741 /* SceneDelegate.h */ = {isa = PBXFileReference; lastKnownFileType = sourcecode.c.h; path = SceneDelegate.h; sourceTree = "<group>"; };
		50AEFB5B29BD778800E24741 /* SceneDelegate.m */ = {isa = PBXFileReference; lastKnownFileType = sourcecode.c.objc; path = SceneDelegate.m; sourceTree = "<group>"; };
		50AEFB5D29BD778800E24741 /* ViewController.h */ = {isa = PBXFileReference; lastKnownFileType = sourcecode.c.h; path = ViewController.h; sourceTree = "<group>"; };
		50AEFB5E29BD778800E24741 /* ViewController.m */ = {isa = PBXFileReference; lastKnownFileType = sourcecode.c.objc; path = ViewController.m; sourceTree = "<group>"; };
		50AEFB6129BD778800E24741 /* Base */ = {isa = PBXFileReference; lastKnownFileType = file.storyboard; name = Base; path = Base.lproj/Main.storyboard; sourceTree = "<group>"; };
		50AEFB6329BD778B00E24741 /* Assets.xcassets */ = {isa = PBXFileReference; lastKnownFileType = folder.assetcatalog; path = Assets.xcassets; sourceTree = "<group>"; };
		50AEFB6629BD778B00E24741 /* Base */ = {isa = PBXFileReference; lastKnownFileType = file.storyboard; name = Base; path = Base.lproj/LaunchScreen.storyboard; sourceTree = "<group>"; };
		50AEFB6829BD778B00E24741 /* Info.plist */ = {isa = PBXFileReference; lastKnownFileType = text.plist.xml; path = Info.plist; sourceTree = "<group>"; };
		50AEFB6929BD778B00E24741 /* main.m */ = {isa = PBXFileReference; lastKnownFileType = sourcecode.c.objc; path = main.m; sourceTree = "<group>"; };
		50AEFB7029BD856B00E24741 /* MessageScript.js */ = {isa = PBXFileReference; lastKnownFileType = sourcecode.javascript; path = MessageScript.js; sourceTree = "<group>"; };
/* End PBXFileReference section */

/* Begin PBXFrameworksBuildPhase section */
		50AEFB5129BD778800E24741 /* Frameworks */ = {
			isa = PBXFrameworksBuildPhase;
			buildActionMask = 2147483647;
			files = (
			);
			runOnlyForDeploymentPostprocessing = 0;
		};
/* End PBXFrameworksBuildPhase section */

/* Begin PBXGroup section */
		50AEFB4B29BD778800E24741 = {
			isa = PBXGroup;
			children = (
				50AEFB5629BD778800E24741 /* hj.cheat */,
				50AEFB5529BD778800E24741 /* Products */,
			);
			sourceTree = "<group>";
		};
		50AEFB5529BD778800E24741 /* Products */ = {
			isa = PBXGroup;
			children = (
				50AEFB5429BD778800E24741 /* hj.cheat.app */,
			);
			name = Products;
			sourceTree = "<group>";
		};
		50AEFB5629BD778800E24741 /* hj.cheat */ = {
			isa = PBXGroup;
			children = (
				509FD52629BDF56400067B49 /* Images.xcassets */,
				50AEFB5729BD778800E24741 /* AppDelegate.h */,
				50AEFB5829BD778800E24741 /* AppDelegate.m */,
				50AEFB5A29BD778800E24741 /* SceneDelegate.h */,
				50AEFB5B29BD778800E24741 /* SceneDelegate.m */,
				50AEFB5D29BD778800E24741 /* ViewController.h */,
				50AEFB5E29BD778800E24741 /* ViewController.m */,
				50AEFB6029BD778800E24741 /* Main.storyboard */,
				50AEFB6329BD778B00E24741 /* Assets.xcassets */,
				50AEFB6529BD778B00E24741 /* LaunchScreen.storyboard */,
				50AEFB6829BD778B00E24741 /* Info.plist */,
				50AEFB6929BD778B00E24741 /* main.m */,
				50AEFB7029BD856B00E24741 /* MessageScript.js */,
			);
			path = hj.cheat;
			sourceTree = "<group>";
		};
/* End PBXGroup section */

/* Begin PBXNativeTarget section */
		50AEFB5329BD778800E24741 /* hj.cheat */ = {
			isa = PBXNativeTarget;
			buildConfigurationList = 50AEFB6D29BD778B00E24741 /* Build configuration list for PBXNativeTarget "hj.cheat" */;
			buildPhases = (
				50AEFB5029BD778800E24741 /* Sources */,
				50AEFB5129BD778800E24741 /* Frameworks */,
				50AEFB5229BD778800E24741 /* Resources */,
			);
			buildRules = (
			);
			dependencies = (
			);
			name = hj.cheat;
			productName = hj.cheat;
			productReference = 50AEFB5429BD778800E24741 /* hj.cheat.app */;
			productType = "com.apple.product-type.application";
		};
/* End PBXNativeTarget section */

/* Begin PBXProject section */
		50AEFB4C29BD778800E24741 /* Project object */ = {
			isa = PBXProject;
			attributes = {
				BuildIndependentTargetsInParallel = 1;
				LastUpgradeCheck = 1420;
				TargetAttributes = {
					50AEFB5329BD778800E24741 = {
						CreatedOnToolsVersion = 14.2;
					};
				};
			};
			buildConfigurationList = 50AEFB4F29BD778800E24741 /* Build configuration list for PBXProject "hj.cheat" */;
			compatibilityVersion = "Xcode 14.0";
			developmentRegion = en;
			hasScannedForEncodings = 0;
			knownRegions = (
				en,
				Base,
			);
			mainGroup = 50AEFB4B29BD778800E24741;
			productRefGroup = 50AEFB5529BD778800E24741 /* Products */;
			projectDirPath = "";
			projectRoot = "";
			targets = (
				50AEFB5329BD778800E24741 /* hj.cheat */,
			);
		};
/* End PBXProject section */

/* Begin PBXResourcesBuildPhase section */
		50AEFB5229BD778800E24741 /* Resources */ = {
			isa = PBXResourcesBuildPhase;
			buildActionMask = 2147483647;
			files = (
				50AEFB6729BD778B00E24741 /* LaunchScreen.storyboard in Resources */,
				509FD52729BDF56500067B49 /* Images.xcassets in Resources */,
				50AEFB7129BD856B00E24741 /* MessageScript.js in Resources */,
				50AEFB6429BD778B00E24741 /* Assets.xcassets in Resources */,
				50AEFB6229BD778800E24741 /* Main.storyboard in Resources */,
			);
			runOnlyForDeploymentPostprocessing = 0;
		};
/* End PBXResourcesBuildPhase section */

/* Begin PBXSourcesBuildPhase section */
		50AEFB5029BD778800E24741 /* Sources */ = {
			isa = PBXSourcesBuildPhase;
			buildActionMask = 2147483647;
			files = (
				50AEFB5F29BD778800E24741 /* ViewController.m in Sources */,
				50AEFB5929BD778800E24741 /* AppDelegate.m in Sources */,
				50AEFB6A29BD778B00E24741 /* main.m in Sources */,
				50AEFB5C29BD778800E24741 /* SceneDelegate.m in Sources */,
			);
			runOnlyForDeploymentPostprocessing = 0;
		};
/* End PBXSourcesBuildPhase section */

/* Begin PBXVariantGroup section */
		50AEFB6029BD778800E24741 /* Main.storyboard */ = {
			isa = PBXVariantGroup;
			children = (
				50AEFB6129BD778800E24741 /* Base */,
			);
			name = Main.storyboard;
			sourceTree = "<group>";
		};
		50AEFB6529BD778B00E24741 /* LaunchScreen.storyboard */ = {
			isa = PBXVariantGroup;
			children = (
				50AEFB6629BD778B00E24741 /* Base */,
			);
			name = LaunchScreen.storyboard;
			sourceTree = "<group>";
		};
/* End PBXVariantGroup section */

/* Begin XCBuildConfiguration section */
		50AEFB6B29BD778B00E24741 /* Debug */ = {
			isa = XCBuildConfiguration;
			buildSettings = {
				ALWAYS_SEARCH_USER_PATHS = NO;
				CLANG_ANALYZER_NONNULL = YES;
				CLANG_ANALYZER_NUMBER_OBJECT_CONVERSION = YES_AGGRESSIVE;
				CLANG_CXX_LANGUAGE_STANDARD = "gnu++20";
				CLANG_ENABLE_MODULES = YES;
				CLANG_ENABLE_OBJC_ARC = YES;
				CLANG_ENABLE_OBJC_WEAK = YES;
				CLANG_WARN_BLOCK_CAPTURE_AUTORELEASING = YES;
				CLANG_WARN_BOOL_CONVERSION = YES;
				CLANG_WARN_COMMA = YES;
				CLANG_WARN_CONSTANT_CONVERSION = YES;
				CLANG_WARN_DEPRECATED_OBJC_IMPLEMENTATIONS = YES;
				CLANG_WARN_DIRECT_OBJC_ISA_USAGE = YES_ERROR;
				CLANG_WARN_DOCUMENTATION_COMMENTS = YES;
				CLANG_WARN_EMPTY_BODY = YES;
				CLANG_WARN_ENUM_CONVERSION = YES;
				CLANG_WARN_INFINITE_RECURSION = YES;
				CLANG_WARN_INT_CONVERSION = YES;
				CLANG_WARN_NON_LITERAL_NULL_CONVERSION = YES;
				CLANG_WARN_OBJC_IMPLICIT_RETAIN_SELF = YES;
				CLANG_WARN_OBJC_LITERAL_CONVERSION = YES;
				CLANG_WARN_OBJC_ROOT_CLASS = YES_ERROR;
				CLANG_WARN_QUOTED_INCLUDE_IN_FRAMEWORK_HEADER = YES;
				CLANG_WARN_RANGE_LOOP_ANALYSIS = YES;
				CLANG_WARN_STRICT_PROTOTYPES = YES;
				CLANG_WARN_SUSPICIOUS_MOVE = YES;
				CLANG_WARN_UNGUARDED_AVAILABILITY = YES_AGGRESSIVE;
				CLANG_WARN_UNREACHABLE_CODE = YES;
				CLANG_WARN__DUPLICATE_METHOD_MATCH = YES;
				COPY_PHASE_STRIP = NO;
				DEBUG_INFORMATION_FORMAT = dwarf;
				ENABLE_STRICT_OBJC_MSGSEND = YES;
				ENABLE_TESTABILITY = YES;
				GCC_C_LANGUAGE_STANDARD = gnu11;
				GCC_DYNAMIC_NO_PIC = NO;
				GCC_NO_COMMON_BLOCKS = YES;
				GCC_OPTIMIZATION_LEVEL = 0;
				GCC_PREPROCESSOR_DEFINITIONS = (
					"DEBUG=1",
					"$(inherited)",
				);
				GCC_WARN_64_TO_32_BIT_CONVERSION = YES;
				GCC_WARN_ABOUT_RETURN_TYPE = YES_ERROR;
				GCC_WARN_UNDECLARED_SELECTOR = YES;
				GCC_WARN_UNINITIALIZED_AUTOS = YES_AGGRESSIVE;
				GCC_WARN_UNUSED_FUNCTION = YES;
				GCC_WARN_UNUSED_VARIABLE = YES;
				IPHONEOS_DEPLOYMENT_TARGET = 16.2;
				MTL_ENABLE_DEBUG_INFO = INCLUDE_SOURCE;
				MTL_FAST_MATH = YES;
				ONLY_ACTIVE_ARCH = YES;
				SDKROOT = iphoneos;
			};
			name = Debug;
		};
		50AEFB6C29BD778B00E24741 /* Release */ = {
			isa = XCBuildConfiguration;
			buildSettings = {
				ALWAYS_SEARCH_USER_PATHS = NO;
				CLANG_ANALYZER_NONNULL = YES;
				CLANG_ANALYZER_NUMBER_OBJECT_CONVERSION = YES_AGGRESSIVE;
				CLANG_CXX_LANGUAGE_STANDARD = "gnu++20";
				CLANG_ENABLE_MODULES = YES;
				CLANG_ENABLE_OBJC_ARC = YES;
				CLANG_ENABLE_OBJC_WEAK = YES;
				CLANG_WARN_BLOCK_CAPTURE_AUTORELEASING = YES;
				CLANG_WARN_BOOL_CONVERSION = YES;
				CLANG_WARN_COMMA = YES;
				CLANG_WARN_CONSTANT_CONVERSION = YES;
				CLANG_WARN_DEPRECATED_OBJC_IMPLEMENTATIONS = YES;
				CLANG_WARN_DIRECT_OBJC_ISA_USAGE = YES_ERROR;
				CLANG_WARN_DOCUMENTATION_COMMENTS = YES;
				CLANG_WARN_EMPTY_BODY = YES;
				CLANG_WARN_ENUM_CONVERSION = YES;
				CLANG_WARN_INFINITE_RECURSION = YES;
				CLANG_WARN_INT_CONVERSION = YES;
				CLANG_WARN_NON_LITERAL_NULL_CONVERSION = YES;
				CLANG_WARN_OBJC_IMPLICIT_RETAIN_SELF = YES;
				CLANG_WARN_OBJC_LITERAL_CONVERSION = YES;
				CLANG_WARN_OBJC_ROOT_CLASS = YES_ERROR;
				CLANG_WARN_QUOTED_INCLUDE_IN_FRAMEWORK_HEADER = YES;
				CLANG_WARN_RANGE_LOOP_ANALYSIS = YES;
				CLANG_WARN_STRICT_PROTOTYPES = YES;
				CLANG_WARN_SUSPICIOUS_MOVE = YES;
				CLANG_WARN_UNGUARDED_AVAILABILITY = YES_AGGRESSIVE;
				CLANG_WARN_UNREACHABLE_CODE = YES;
				CLANG_WARN__DUPLICATE_METHOD_MATCH = YES;
				COPY_PHASE_STRIP = NO;
				DEBUG_INFORMATION_FORMAT = "dwarf-with-dsym";
				ENABLE_NS_ASSERTIONS = NO;
				ENABLE_STRICT_OBJC_MSGSEND = YES;
				GCC_C_LANGUAGE_STANDARD = gnu11;
				GCC_NO_COMMON_BLOCKS = YES;
				GCC_WARN_64_TO_32_BIT_CONVERSION = YES;
				GCC_WARN_ABOUT_RETURN_TYPE = YES_ERROR;
				GCC_WARN_UNDECLARED_SELECTOR = YES;
				GCC_WARN_UNINITIALIZED_AUTOS = YES_AGGRESSIVE;
				GCC_WARN_UNUSED_FUNCTION = YES;
				GCC_WARN_UNUSED_VARIABLE = YES;
				IPHONEOS_DEPLOYMENT_TARGET = 16.2;
				MTL_ENABLE_DEBUG_INFO = NO;
				MTL_FAST_MATH = YES;
				SDKROOT = iphoneos;
				VALIDATE_PRODUCT = YES;
			};
			name = Release;
		};
		50AEFB6E29BD778B00E24741 /* Debug */ = {
			isa = XCBuildConfiguration;
			buildSettings = {
				ASSETCATALOG_COMPILER_APPICON_NAME = AppIcon;
				ASSETCATALOG_COMPILER_GLOBAL_ACCENT_COLOR_NAME = AccentColor;
				ASSETCATALOG_COMPILER_INCLUDE_ALL_APPICON_ASSETS = YES;
				"CODE_SIGN_IDENTITY[sdk=iphoneos*]" = "iPhone Developer";
				CODE_SIGN_STYLE = Manual;
				CURRENT_PROJECT_VERSION = 1;
				DEVELOPMENT_TEAM = "";
				"DEVELOPMENT_TEAM[sdk=iphoneos*]" = DBUDB756LB;
				GENERATE_INFOPLIST_FILE = YES;
				INFOPLIST_FILE = hj.cheat/Info.plist;
				INFOPLIST_KEY_CFBundleDisplayName = "豪杰修改器";
				"INFOPLIST_KEY_CFBundleDisplayName[sdk=iphoneos*]" = "豪杰修改器";
				INFOPLIST_KEY_UIApplicationSupportsIndirectInputEvents = YES;
				INFOPLIST_KEY_UILaunchStoryboardName = LaunchScreen;
				INFOPLIST_KEY_UIMainStoryboardFile = Main;
				INFOPLIST_KEY_UIRequiresFullScreen = NO;
				INFOPLIST_KEY_UISupportedInterfaceOrientations = "UIInterfaceOrientationLandscapeLeft UIInterfaceOrientationLandscapeRight";
				INFOPLIST_KEY_UISupportedInterfaceOrientations_iPad = "UIInterfaceOrientationLandscapeLeft UIInterfaceOrientationLandscapeRight UIInterfaceOrientationPortraitUpsideDown";
				IPHONEOS_DEPLOYMENT_TARGET = 13.0;
				LD_RUNPATH_SEARCH_PATHS = (
					"$(inherited)",
					"@executable_path/Frameworks",
				);
				MARKETING_VERSION = 1.0;
				PRODUCT_BUNDLE_IDENTIFIER = xzz.dev.hj.cheat;
				PRODUCT_NAME = "$(TARGET_NAME)";
				PROVISIONING_PROFILE_SPECIFIER = "";
				"PROVISIONING_PROFILE_SPECIFIER[sdk=iphoneos*]" = Haojiecheat;
				SWIFT_EMIT_LOC_STRINGS = YES;
				TARGETED_DEVICE_FAMILY = "1,2";
			};
			name = Debug;
		};
		50AEFB6F29BD778B00E24741 /* Release */ = {
			isa = XCBuildConfiguration;
			buildSettings = {
				ASSETCATALOG_COMPILER_APPICON_NAME = AppIcon;
				ASSETCATALOG_COMPILER_GLOBAL_ACCENT_COLOR_NAME = AccentColor;
				ASSETCATALOG_COMPILER_INCLUDE_ALL_APPICON_ASSETS = YES;
				"CODE_SIGN_IDENTITY[sdk=iphoneos*]" = "iPhone Developer";
				CODE_SIGN_STYLE = Manual;
				CURRENT_PROJECT_VERSION = 1;
				DEVELOPMENT_TEAM = "";
				"DEVELOPMENT_TEAM[sdk=iphoneos*]" = DBUDB756LB;
				GENERATE_INFOPLIST_FILE = YES;
				INFOPLIST_FILE = hj.cheat/Info.plist;
				INFOPLIST_KEY_CFBundleDisplayName = "豪杰修改器";
				"INFOPLIST_KEY_CFBundleDisplayName[sdk=iphoneos*]" = "豪杰修改器";
				INFOPLIST_KEY_UIApplicationSupportsIndirectInputEvents = YES;
				INFOPLIST_KEY_UILaunchStoryboardName = LaunchScreen;
				INFOPLIST_KEY_UIMainStoryboardFile = Main;
				INFOPLIST_KEY_UIRequiresFullScreen = NO;
				INFOPLIST_KEY_UISupportedInterfaceOrientations = "UIInterfaceOrientationLandscapeLeft UIInterfaceOrientationLandscapeRight";
				INFOPLIST_KEY_UISupportedInterfaceOrientations_iPad = "UIInterfaceOrientationLandscapeLeft UIInterfaceOrientationLandscapeRight UIInterfaceOrientationPortraitUpsideDown";
				IPHONEOS_DEPLOYMENT_TARGET = 13.0;
				LD_RUNPATH_SEARCH_PATHS = (
					"$(inherited)",
					"@executable_path/Frameworks",
				);
				MARKETING_VERSION = 1.0;
				PRODUCT_BUNDLE_IDENTIFIER = xzz.dev.hj.cheat;
				PRODUCT_NAME = "$(TARGET_NAME)";
				PROVISIONING_PROFILE_SPECIFIER = "";
				"PROVISIONING_PROFILE_SPECIFIER[sdk=iphoneos*]" = Haojiecheat;
				SWIFT_EMIT_LOC_STRINGS = YES;
				TARGETED_DEVICE_FAMILY = "1,2";
			};
			name = Release;
		};
/* End XCBuildConfiguration section */

/* Begin XCConfigurationList section */
		50AEFB4F29BD778800E24741 /* Build configuration list for PBXProject "hj.cheat" */ = {
			isa = XCConfigurationList;
			buildConfigurations = (
				50AEFB6B29BD778B00E24741 /* Debug */,
				50AEFB6C29BD778B00E24741 /* Release */,
			);
			defaultConfigurationIsVisible = 0;
			defaultConfigurationName = Release;
		};
		50AEFB6D29BD778B00E24741 /* Build configuration list for PBXNativeTarget "hj.cheat" */ = {
			isa = XCConfigurationList;
			buildConfigurations = (
				50AEFB6E29BD778B00E24741 /* Debug */,
				50AEFB6F29BD778B00E24741 /* Release */,
			);
			defaultConfigurationIsVisible = 0;
			defaultConfigurationName = Release;
		};
/* End XCConfigurationList section */
	};
	rootObject = 50AEFB4C29BD778800E24741 /* Project object */;
}
